Microsoft Visual Studio Solution File, Format Version 11.00
# Visual Studio 2010
Project("{FAE04EC0-301F-11D3-BF4B-00C04F79EFBC}") = "1533 - CustomFilterItems", "1533 - CustomFilterItems\1533 - CustomFilterItems.csproj", "{B9655EBB-8046-4664-B952-A888A2ADC343}"
EndProject
Global
	GlobalSection(SolutionConfigurationPlatforms) = preSolution
		Debug|Any CPU = Debug|Any CPU
		Release|Any CPU = Release|Any CPU
	EndGlobalSection
	GlobalSection(ProjectConfigurationPlatforms) = postSolution
		{B9655EBB-8046-4664-B952-A888A2ADC343}.Debug|Any CPU.ActiveCfg = Debug|Any CPU
		{B9655EBB-8046-4664-B952-A888A2ADC343}.Debug|Any CPU.Build.0 = Debug|Any CPU
		{B9655EBB-8046-4664-B952-A888A2ADC343}.Release|Any CPU.ActiveCfg = Release|Any CPU
		{B9655EBB-8046-4664-B952-A888A2ADC343}.Release|Any CPU.Build.0 = Release|Any CPU
	EndGlobalSection
	GlobalSection(SolutionProperties) = preSolution
		HideSolutionNode = FALSE
	EndGlobalSection
EndGlobal
